schema: '2.0'
stages:
  load_data:
    cmd: python src/load_data.py --config=params.yaml
    deps:
    - path: data_given/winequality.csv
      hash: md5
      md5: ccc8d3507eb151f53f760d36abdef888
      size: 91998
    - path: src/get_data.py
      hash: md5
      md5: 3d06f483165b82b0986326048e4e3ef3
      size: 745
    - path: src/load_data.py
      hash: md5
      md5: 3b7cbe34d1949c7a35a585f626abe401
      size: 610
    outs:
    - path: data/raw/winequality.csv
      hash: md5
      md5: 069b522b0321bc25a626ceeffcb8eb44
      size: 93598
  split_data:
    cmd: python src/split_data.py --config=params.yaml
    deps:
    - path: data/raw/winequality.csv
      hash: md5
      md5: 069b522b0321bc25a626ceeffcb8eb44
      size: 93598
    - path: src/split_data.py
      hash: md5
      md5: acf21dc8a0446a0b31975e6b45af7dc2
      size: 1055
    outs:
    - path: data/processed/test_winequality.csv
      hash: md5
      md5: ee3284843265e5855bc07dd6427ab1c2
      size: 18831
    - path: data/processed/train_winequality.csv
      hash: md5
      md5: 81dce00e053ba5ebabeacf8e7dca537a
      size: 74913
  train_and_evaluate:
    cmd: python src/train_and_evaluate.py --config=params.yaml
    deps:
    - path: data/processed/test_winequality.csv
      hash: md5
      md5: ee3284843265e5855bc07dd6427ab1c2
      size: 18831
    - path: data/processed/train_winequality.csv
      hash: md5
      md5: 81dce00e053ba5ebabeacf8e7dca537a
      size: 74913
    - path: src/train_and_evaluate.py
      hash: md5
      md5: bd8b66cc87902391b13e7d1d8fd4edd1
      size: 2954
    params:
      params.yaml:
        estimators.ElasticNet.params.alpha: 0.88
        estimators.ElasticNet.params.l1_ratio: 0.11
    outs:
    - path: report/params.json
      hash: md5
      md5: 9d09ca2aaaa05946cd1f8a16ea2560e2
      size: 47
    - path: report/scores.json
      hash: md5
      md5: 3744693ca7f4740fe05718878b49dc7c
      size: 100
    - path: saved_models/model.joblib
      hash: md5
      md5: 4107feea135c24fe38bfe7b2b20c2fe4
      size: 1215
